
Microsoft Visual Studio Solution File, Format Version 12.00
# Visual Studio Version 17
VisualStudioVersion = 17.14.36203.30 d17.14
MinimumVisualStudioVersion = 10.0.40219.1
Project("{FAE04EC0-301F-11D3-BF4B-00C04F79EFBC}") = "tic-tac-toe", "tic-tac-toe.csproj", "{5A57AD68-DE06-4544-980E-FC015DEEEEAD}"
EndProject
Global
	GlobalSection(SolutionConfigurationPlatforms) = preSolution
		Debug|Any CPU = Debug|Any CPU
		Release|Any CPU = Release|Any CPU
	EndGlobalSection
	GlobalSection(ProjectConfigurationPlatforms) = postSolution
		{5A57AD68-DE06-4544-980E-FC015DEEEEAD}.Debug|Any CPU.ActiveCfg = Debug|Any CPU
		{5A57AD68-DE06-4544-980E-FC015DEEEEAD}.Debug|Any CPU.Build.0 = Debug|Any CPU
		{5A57AD68-DE06-4544-980E-FC015DEEEEAD}.Release|Any CPU.ActiveCfg = Release|Any CPU
		{5A57AD68-DE06-4544-980E-FC015DEEEEAD}.Release|Any CPU.Build.0 = Release|Any CPU
	EndGlobalSection
	GlobalSection(SolutionProperties) = preSolution
		HideSolutionNode = FALSE
	EndGlobalSection
	GlobalSection(ExtensibilityGlobals) = postSolution
		SolutionGuid = {B47AE27E-9F82-4B0B-B50F-0840BD55A0DC}
	EndGlobalSection
EndGlobal
